PODS:
  - AFNetworking (3.0.4):
    - AFNetworking/NSURLSession (= 3.0.4)
    - AFNetworking/Reachability (= 3.0.4)
    - AFNetworking/Security (= 3.0.4)
    - AFNetworking/Serialization (= 3.0.4)
    - AFNetworking/UIKit (= 3.0.4)
  - AFNetworking/NSURLSession (3.0.4):
    - AFNetworking/Reachability
    - AFNetworking/Security
    - AFNetworking/Serialization
  - AFNetworking/Reachability (3.0.4)
  - AFNetworking/Security (3.0.4)
  - AFNetworking/Serialization (3.0.4)
  - AFNetworking/UIKit (3.0.4):
    - AFNetworking/NSURLSession
  - DZNEmptyDataSet (1.5.2)
  - FSCalendar (1.2.2)
  - PKRevealController (2.0.6)
  - SSLunarDate (0.0.1)

DEPENDENCIES:
  - AFNetworking (~> 3.0.4)
  - DZNEmptyDataSet (~> 1.5.2)
  - FSCalendar (~> 1.2.0)
  - PKRevealController
  - SSLunarDate

SPEC CHECKSUMS:
  AFNetworking: a0075feb321559dc78d9d85b55d11caa19eabb93
  DZNEmptyDataSet: 741da409081a4bf707c949c964623a6ad1799772
  FSCalendar: a960072509cc507ecde91894a370bd56e6e8fb4a
  PKRevealController: ffb45a16f5a5032ad90a3d16e5cbb0d8e035bd58
  SSLunarDate: d5d7d581f7e7e157c8d704a5f053b4ebcf760bba

COCOAPODS: 0.39.0
